
Microsoft Visual Studio Solution File, Format Version 12.00
# Visual Studio Version 17
VisualStudioVersion = 17.7.34202.233
MinimumVisualStudioVersion = 10.0.40219.1
Project("{FAE04EC0-301F-11D3-BF4B-00C04F79EFBC}") = "Art_Gallery", "Art_Gallery\Art_Gallery.csproj", "{C154A6CD-E711-4232-BDE7-66184A213485}"
EndProject
Global
	GlobalSection(SolutionConfigurationPlatforms) = preSolution
		Debug|Any CPU = Debug|Any CPU
		Release|Any CPU = Release|Any CPU
	EndGlobalSection
	GlobalSection(ProjectConfigurationPlatforms) = postSolution
		{C154A6CD-E711-4232-BDE7-66184A213485}.Debug|Any CPU.ActiveCfg = Debug|Any CPU
		{C154A6CD-E711-4232-BDE7-66184A213485}.Debug|Any CPU.Build.0 = Debug|Any CPU
		{C154A6CD-E711-4232-BDE7-66184A213485}.Release|Any CPU.ActiveCfg = Release|Any CPU
		{C154A6CD-E711-4232-BDE7-66184A213485}.Release|Any CPU.Build.0 = Release|Any CPU
	EndGlobalSection
	GlobalSection(SolutionProperties) = preSolution
		HideSolutionNode = FALSE
	EndGlobalSection
	GlobalSection(ExtensibilityGlobals) = postSolution
		SolutionGuid = {BA6F8FCC-63D6-4A70-9C00-A4EFCACCD476}
	EndGlobalSection
EndGlobal
